<Solution>
  <Project Path="Assembly-CSharp-Editor.csproj" />
  <Project Path="DevionGames.UIWidgets.csproj" />
  <Project Path="DevionGames.StatSystem.csproj" />
  <Project Path="DevionGames.Utilities.csproj" />
  <Project Path="DevionGames.Triggers.csproj" />
  <Project Path="DevionGames.Graphs.csproj" />
  <Project Path="DevionGames.InventorySystem.csproj" />
  <Project Path="Assembly-CSharp.csproj" />
  <Project Path="Assembly-CSharp-firstpass.csproj" />
  <Project Path="DevionGames.ThirdPersonController.csproj" />
</Solution>
